
Microsoft Visual Studio Solution File, Format Version 12.00
# Visual Studio Version 16
VisualStudioVersion = 16.0.30907.101
MinimumVisualStudioVersion = 10.0.40219.1
Project("{E24C65DC-7377-472B-9ABA-BC803B73C61A}") = "doQreceiver", ".", "{E02F68ED-04D1-4730-AF02-976A14D885F0}"
	ProjectSection(WebsiteProperties) = preProject
		TargetFrameworkMoniker = ".NETFramework,Version%3Dv4.8"
		Debug.AspNetCompiler.VirtualPath = "/doQReceiver"
		Debug.AspNetCompiler.PhysicalPath = "..\doQReceiver\"
		Debug.AspNetCompiler.TargetPath = "PrecompiledWeb\doQReceiver\"
		Debug.AspNetCompiler.Updateable = "true"
		Debug.AspNetCompiler.ForceOverwrite = "true"
		Debug.AspNetCompiler.FixedNames = "false"
		Debug.AspNetCompiler.Debug = "True"
		Release.AspNetCompiler.VirtualPath = "/doQReceiver"
		Release.AspNetCompiler.PhysicalPath = "..\doQReceiver\"
		Release.AspNetCompiler.TargetPath = "PrecompiledWeb\doQReceiver\"
		Release.AspNetCompiler.Updateable = "true"
		Release.AspNetCompiler.ForceOverwrite = "true"
		Release.AspNetCompiler.FixedNames = "false"
		Release.AspNetCompiler.Debug = "False"
		VWDPort = "1147"
		SlnRelativePath = "..\doQreceiver\"
	EndProjectSection
EndProject
Global
	GlobalSection(SolutionConfigurationPlatforms) = preSolution
		Debug|Any CPU = Debug|Any CPU
	EndGlobalSection
	GlobalSection(ProjectConfigurationPlatforms) = postSolution
		{E02F68ED-04D1-4730-AF02-976A14D885F0}.Debug|Any CPU.ActiveCfg = Debug|Any CPU
		{E02F68ED-04D1-4730-AF02-976A14D885F0}.Debug|Any CPU.Build.0 = Debug|Any CPU
	EndGlobalSection
	GlobalSection(SolutionProperties) = preSolution
		HideSolutionNode = FALSE
	EndGlobalSection
	GlobalSection(ExtensibilityGlobals) = postSolution
		SolutionGuid = {F459C4EE-D118-4F86-BA5D-45980A40C97F}
	EndGlobalSection
EndGlobal
